# THIS IS AN AUTOGENERATED FILE. DO NOT EDIT THIS FILE DIRECTLY.
# yarn lockfile v1


"@types/lodash@^4.14.153":
  version "4.14.153"
  resolved "https://registry.yarnpkg.com/@types/lodash/-/lodash-4.14.153.tgz#5cb7dded0649f1df97938ac5ffc4f134e9e9df98"
  integrity sha512-lYniGRiRfZf2gGAR9cfRC3Pi5+Q1ziJCKqPmjZocigrSJUVPWf7st1BtSJ8JOeK0FLXVndQ1IjUjTco9CXGo/Q==

lodash@^4.17.15:
  version "4.17.15"
  resolved "https://registry.yarnpkg.com/lodash/-/lodash-4.17.15.tgz#b447f6670a0455bbfeedd11392eff330ea097548"
  integrity sha512-8xOcRHvCjnocdS5cpwXQXVzmmh5e5+saE2QGoeQmbKmRS6J3VQppPOIt0MnmE+4xlZoumy0GPG0D0MVIQbNA1A==

typescript@^3.9.3:
  version "3.9.3"
  resolved "https://registry.yarnpkg.com/typescript/-/typescript-3.9.3.tgz#d3ac8883a97c26139e42df5e93eeece33d610b8a"
  integrity sha512-D/wqnB2xzNFIcoBG9FG8cXRDjiqSTbG2wd8DMZeQyJlP1vfTkIxH4GKveWaEBYySKIg+USu+E+EDIR47SqnaMQ==
